
Microsoft Visual Studio Solution File, Format Version 12.00
# Visual Studio 15
VisualStudioVersion = 15.0.26124.0
MinimumVisualStudioVersion = 15.0.26124.0
Project("{2150E333-8FDC-42A3-9474-1A3956D46DE8}") = "src", "src", "{E96E28E8-E937-4D08-BE20-C17203BAC897}"
EndProject
Project("{FAE04EC0-301F-11D3-BF4B-00C04F79EFBC}") = "Mongod", "src\Mongod\Mongod.csproj", "{B8CAF263-BC4E-4D48-BFEE-7D371066C936}"
EndProject
Project("{2150E333-8FDC-42A3-9474-1A3956D46DE8}") = "tests", "tests", "{D119DD8A-2F08-40AD-B0E7-338CA22438E6}"
EndProject
Project("{FAE04EC0-301F-11D3-BF4B-00C04F79EFBC}") = "Mongod.Tests", "tests\Mongod.Tests\Mongod.Tests.csproj", "{F50B1A9A-85C0-441E-8CA0-AACE5BA7172B}"
EndProject
Global
	GlobalSection(SolutionConfigurationPlatforms) = preSolution
		Debug|Any CPU = Debug|Any CPU
		Debug|x64 = Debug|x64
		Debug|x86 = Debug|x86
		Release|Any CPU = Release|Any CPU
		Release|x64 = Release|x64
		Release|x86 = Release|x86
	EndGlobalSection
	GlobalSection(SolutionProperties) = preSolution
		HideSolutionNode = FALSE
	EndGlobalSection
	GlobalSection(ProjectConfigurationPlatforms) = postSolution
		{B8CAF263-BC4E-4D48-BFEE-7D371066C936}.Debug|Any CPU.ActiveCfg = Debug|Any CPU
		{B8CAF263-BC4E-4D48-BFEE-7D371066C936}.Debug|Any CPU.Build.0 = Debug|Any CPU
		{B8CAF263-BC4E-4D48-BFEE-7D371066C936}.Debug|x64.ActiveCfg = Debug|x64
		{B8CAF263-BC4E-4D48-BFEE-7D371066C936}.Debug|x64.Build.0 = Debug|x64
		{B8CAF263-BC4E-4D48-BFEE-7D371066C936}.Debug|x86.ActiveCfg = Debug|x86
		{B8CAF263-BC4E-4D48-BFEE-7D371066C936}.Debug|x86.Build.0 = Debug|x86
		{B8CAF263-BC4E-4D48-BFEE-7D371066C936}.Release|Any CPU.ActiveCfg = Release|Any CPU
		{B8CAF263-BC4E-4D48-BFEE-7D371066C936}.Release|Any CPU.Build.0 = Release|Any CPU
		{B8CAF263-BC4E-4D48-BFEE-7D371066C936}.Release|x64.ActiveCfg = Release|x64
		{B8CAF263-BC4E-4D48-BFEE-7D371066C936}.Release|x64.Build.0 = Release|x64
		{B8CAF263-BC4E-4D48-BFEE-7D371066C936}.Release|x86.ActiveCfg = Release|x86
		{B8CAF263-BC4E-4D48-BFEE-7D371066C936}.Release|x86.Build.0 = Release|x86
		{F50B1A9A-85C0-441E-8CA0-AACE5BA7172B}.Debug|Any CPU.ActiveCfg = Debug|Any CPU
		{F50B1A9A-85C0-441E-8CA0-AACE5BA7172B}.Debug|Any CPU.Build.0 = Debug|Any CPU
		{F50B1A9A-85C0-441E-8CA0-AACE5BA7172B}.Debug|x64.ActiveCfg = Debug|x64
		{F50B1A9A-85C0-441E-8CA0-AACE5BA7172B}.Debug|x64.Build.0 = Debug|x64
		{F50B1A9A-85C0-441E-8CA0-AACE5BA7172B}.Debug|x86.ActiveCfg = Debug|x86
		{F50B1A9A-85C0-441E-8CA0-AACE5BA7172B}.Debug|x86.Build.0 = Debug|x86
		{F50B1A9A-85C0-441E-8CA0-AACE5BA7172B}.Release|Any CPU.ActiveCfg = Release|Any CPU
		{F50B1A9A-85C0-441E-8CA0-AACE5BA7172B}.Release|Any CPU.Build.0 = Release|Any CPU
		{F50B1A9A-85C0-441E-8CA0-AACE5BA7172B}.Release|x64.ActiveCfg = Release|x64
		{F50B1A9A-85C0-441E-8CA0-AACE5BA7172B}.Release|x64.Build.0 = Release|x64
		{F50B1A9A-85C0-441E-8CA0-AACE5BA7172B}.Release|x86.ActiveCfg = Release|x86
		{F50B1A9A-85C0-441E-8CA0-AACE5BA7172B}.Release|x86.Build.0 = Release|x86
	EndGlobalSection
	GlobalSection(NestedProjects) = preSolution
		{B8CAF263-BC4E-4D48-BFEE-7D371066C936} = {E96E28E8-E937-4D08-BE20-C17203BAC897}
		{F50B1A9A-85C0-441E-8CA0-AACE5BA7172B} = {D119DD8A-2F08-40AD-B0E7-338CA22438E6}
	EndGlobalSection
EndGlobal
